
Microsoft Visual Studio Solution File, Format Version 12.00
# Visual Studio Version 17
VisualStudioVersion = 17.3.32819.101
MinimumVisualStudioVersion = 10.0.40219.1
Project("{9A19103F-16F7-4668-BE54-9A1E7A4F7556}") = "DemoMVC", "WebApplication1\DemoMVC.csproj", "{59401C9E-F6F4-4CD6-820C-E20C05077E46}"
EndProject
Global
	GlobalSection(SolutionConfigurationPlatforms) = preSolution
		Debug|Any CPU = Debug|Any CPU
		Release|Any CPU = Release|Any CPU
	EndGlobalSection
	GlobalSection(ProjectConfigurationPlatforms) = postSolution
		{59401C9E-F6F4-4CD6-820C-E20C05077E46}.Debug|Any CPU.ActiveCfg = Debug|Any CPU
		{59401C9E-F6F4-4CD6-820C-E20C05077E46}.Debug|Any CPU.Build.0 = Debug|Any CPU
		{59401C9E-F6F4-4CD6-820C-E20C05077E46}.Release|Any CPU.ActiveCfg = Release|Any CPU
		{59401C9E-F6F4-4CD6-820C-E20C05077E46}.Release|Any CPU.Build.0 = Release|Any CPU
	EndGlobalSection
	GlobalSection(SolutionProperties) = preSolution
		HideSolutionNode = FALSE
	EndGlobalSection
	GlobalSection(ExtensibilityGlobals) = postSolution
		SolutionGuid = {34A28AF2-5CEF-444F-AE66-4ACA5EA9F7A4}
	EndGlobalSection
EndGlobal
